
Microsoft Visual Studio Solution File, Format Version 12.00
# Visual Studio 14
VisualStudioVersion = 14.0.23107.0
MinimumVisualStudioVersion = 10.0.40219.1
Project("{8BC9CEB8-8B4A-11D0-8D11-00A0C91BC942}") = "IlmImf", "IlmImf.vcxproj", "{F8C74CAD-1A3E-436D-ACD4-ABAA8EE1B649}"
EndProject
Project("{8BC9CEB8-8B4A-11D0-8D11-00A0C91BC942}") = "IlmThread", "..\IlmThread\IlmThread.vcxproj", "{4AAAC6C2-EECF-43A1-AA21-20AA5255BEE0}"
EndProject
Project("{8BC9CEB8-8B4A-11D0-8D11-00A0C91BC942}") = "Imath", "..\Imath\Imath.vcxproj", "{C0E0163E-0F3F-45A4-B04B-190F152D1E86}"
EndProject
Project("{8BC9CEB8-8B4A-11D0-8D11-00A0C91BC942}") = "Half", "..\Half\Half.vcxproj", "{E3C9A670-A7FD-41DD-8643-2716549513EA}"
EndProject
Project("{8BC9CEB8-8B4A-11D0-8D11-00A0C91BC942}") = "Iex", "..\Iex\Iex.vcxproj", "{3B256D4D-9328-4D03-A909-9F6F15CCDB4A}"
EndProject
Global
	GlobalSection(SolutionConfigurationPlatforms) = preSolution
		Debug|x64 = Debug|x64
		Debug|x86 = Debug|x86
		DebugDLL|x64 = DebugDLL|x64
		DebugDLL|x86 = DebugDLL|x86
		Release|x64 = Release|x64
		Release|x86 = Release|x86
		ReleaseDLL|x64 = ReleaseDLL|x64
		ReleaseDLL|x86 = ReleaseDLL|x86
	EndGlobalSection
	GlobalSection(ProjectConfigurationPlatforms) = postSolution
		{F8C74CAD-1A3E-436D-ACD4-ABAA8EE1B649}.Debug|x64.ActiveCfg = Debug|x64
		{F8C74CAD-1A3E-436D-ACD4-ABAA8EE1B649}.Debug|x64.Build.0 = Debug|x64
		{F8C74CAD-1A3E-436D-ACD4-ABAA8EE1B649}.Debug|x86.ActiveCfg = Debug|Win32
		{F8C74CAD-1A3E-436D-ACD4-ABAA8EE1B649}.Debug|x86.Build.0 = Debug|Win32
		{F8C74CAD-1A3E-436D-ACD4-ABAA8EE1B649}.DebugDLL|x64.ActiveCfg = DebugDLL|x64
		{F8C74CAD-1A3E-436D-ACD4-ABAA8EE1B649}.DebugDLL|x64.Build.0 = DebugDLL|x64
		{F8C74CAD-1A3E-436D-ACD4-ABAA8EE1B649}.DebugDLL|x86.ActiveCfg = DebugDLL|Win32
		{F8C74CAD-1A3E-436D-ACD4-ABAA8EE1B649}.DebugDLL|x86.Build.0 = DebugDLL|Win32
		{F8C74CAD-1A3E-436D-ACD4-ABAA8EE1B649}.Release|x64.ActiveCfg = Release|x64
		{F8C74CAD-1A3E-436D-ACD4-ABAA8EE1B649}.Release|x64.Build.0 = Release|x64
		{F8C74CAD-1A3E-436D-ACD4-ABAA8EE1B649}.Release|x86.ActiveCfg = Release|Win32
		{F8C74CAD-1A3E-436D-ACD4-ABAA8EE1B649}.Release|x86.Build.0 = Release|Win32
		{F8C74CAD-1A3E-436D-ACD4-ABAA8EE1B649}.ReleaseDLL|x64.ActiveCfg = ReleaseDLL|x64
		{F8C74CAD-1A3E-436D-ACD4-ABAA8EE1B649}.ReleaseDLL|x64.Build.0 = ReleaseDLL|x64
		{F8C74CAD-1A3E-436D-ACD4-ABAA8EE1B649}.ReleaseDLL|x86.ActiveCfg = ReleaseDLL|Win32
		{F8C74CAD-1A3E-436D-ACD4-ABAA8EE1B649}.ReleaseDLL|x86.Build.0 = ReleaseDLL|Win32
		{4AAAC6C2-EECF-43A1-AA21-20AA5255BEE0}.Debug|x64.ActiveCfg = Debug|x64
		{4AAAC6C2-EECF-43A1-AA21-20AA5255BEE0}.Debug|x64.Build.0 = Debug|x64
		{4AAAC6C2-EECF-43A1-AA21-20AA5255BEE0}.Debug|x86.ActiveCfg = Debug|Win32
		{4AAAC6C2-EECF-43A1-AA21-20AA5255BEE0}.Debug|x86.Build.0 = Debug|Win32
		{4AAAC6C2-EECF-43A1-AA21-20AA5255BEE0}.DebugDLL|x64.ActiveCfg = Debug|x64
		{4AAAC6C2-EECF-43A1-AA21-20AA5255BEE0}.DebugDLL|x64.Build.0 = Debug|x64
		{4AAAC6C2-EECF-43A1-AA21-20AA5255BEE0}.DebugDLL|x86.ActiveCfg = Debug|Win32
		{4AAAC6C2-EECF-43A1-AA21-20AA5255BEE0}.DebugDLL|x86.Build.0 = Debug|Win32
		{4AAAC6C2-EECF-43A1-AA21-20AA5255BEE0}.Release|x64.ActiveCfg = Release|x64
		{4AAAC6C2-EECF-43A1-AA21-20AA5255BEE0}.Release|x64.Build.0 = Release|x64
		{4AAAC6C2-EECF-43A1-AA21-20AA5255BEE0}.Release|x86.ActiveCfg = Release|Win32
		{4AAAC6C2-EECF-43A1-AA21-20AA5255BEE0}.Release|x86.Build.0 = Release|Win32
		{4AAAC6C2-EECF-43A1-AA21-20AA5255BEE0}.ReleaseDLL|x64.ActiveCfg = Release|x64
		{4AAAC6C2-EECF-43A1-AA21-20AA5255BEE0}.ReleaseDLL|x64.Build.0 = Release|x64
		{4AAAC6C2-EECF-43A1-AA21-20AA5255BEE0}.ReleaseDLL|x86.ActiveCfg = Release|Win32
		{4AAAC6C2-EECF-43A1-AA21-20AA5255BEE0}.ReleaseDLL|x86.Build.0 = Release|Win32
		{C0E0163E-0F3F-45A4-B04B-190F152D1E86}.Debug|x64.ActiveCfg = Debug|x64
		{C0E0163E-0F3F-45A4-B04B-190F152D1E86}.Debug|x64.Build.0 = Debug|x64
		{C0E0163E-0F3F-45A4-B04B-190F152D1E86}.Debug|x86.ActiveCfg = Debug|Win32
		{C0E0163E-0F3F-45A4-B04B-190F152D1E86}.Debug|x86.Build.0 = Debug|Win32
		{C0E0163E-0F3F-45A4-B04B-190F152D1E86}.DebugDLL|x64.ActiveCfg = Debug|x64
		{C0E0163E-0F3F-45A4-B04B-190F152D1E86}.DebugDLL|x64.Build.0 = Debug|x64
		{C0E0163E-0F3F-45A4-B04B-190F152D1E86}.DebugDLL|x86.ActiveCfg = Debug|Win32
		{C0E0163E-0F3F-45A4-B04B-190F152D1E86}.DebugDLL|x86.Build.0 = Debug|Win32
		{C0E0163E-0F3F-45A4-B04B-190F152D1E86}.Release|x64.ActiveCfg = Release|x64
		{C0E0163E-0F3F-45A4-B04B-190F152D1E86}.Release|x64.Build.0 = Release|x64
		{C0E0163E-0F3F-45A4-B04B-190F152D1E86}.Release|x86.ActiveCfg = Release|Win32
		{C0E0163E-0F3F-45A4-B04B-190F152D1E86}.Release|x86.Build.0 = Release|Win32
		{C0E0163E-0F3F-45A4-B04B-190F152D1E86}.ReleaseDLL|x64.ActiveCfg = Release|x64
		{C0E0163E-0F3F-45A4-B04B-190F152D1E86}.ReleaseDLL|x64.Build.0 = Release|x64
		{C0E0163E-0F3F-45A4-B04B-190F152D1E86}.ReleaseDLL|x86.ActiveCfg = Release|Win32
		{C0E0163E-0F3F-45A4-B04B-190F152D1E86}.ReleaseDLL|x86.Build.0 = Release|Win32
		{E3C9A670-A7FD-41DD-8643-2716549513EA}.Debug|x64.ActiveCfg = Debug|x64
		{E3C9A670-A7FD-41DD-8643-2716549513EA}.Debug|x64.Build.0 = Debug|x64
		{E3C9A670-A7FD-41DD-8643-2716549513EA}.Debug|x86.ActiveCfg = Debug|Win32
		{E3C9A670-A7FD-41DD-8643-2716549513EA}.Debug|x86.Build.0 = Debug|Win32
		{E3C9A670-A7FD-41DD-8643-2716549513EA}.DebugDLL|x64.ActiveCfg = Debug|x64
		{E3C9A670-A7FD-41DD-8643-2716549513EA}.DebugDLL|x64.Build.0 = Debug|x64
		{E3C9A670-A7FD-41DD-8643-2716549513EA}.DebugDLL|x86.ActiveCfg = Debug|Win32
		{E3C9A670-A7FD-41DD-8643-2716549513EA}.DebugDLL|x86.Build.0 = Debug|Win32
		{E3C9A670-A7FD-41DD-8643-2716549513EA}.Release|x64.ActiveCfg = Release|x64
		{E3C9A670-A7FD-41DD-8643-2716549513EA}.Release|x64.Build.0 = Release|x64
		{E3C9A670-A7FD-41DD-8643-2716549513EA}.Release|x86.ActiveCfg = Release|Win32
		{E3C9A670-A7FD-41DD-8643-2716549513EA}.Release|x86.Build.0 = Release|Win32
		{E3C9A670-A7FD-41DD-8643-2716549513EA}.ReleaseDLL|x64.ActiveCfg = Release|x64
		{E3C9A670-A7FD-41DD-8643-2716549513EA}.ReleaseDLL|x64.Build.0 = Release|x64
		{E3C9A670-A7FD-41DD-8643-2716549513EA}.ReleaseDLL|x86.ActiveCfg = Release|Win32
		{E3C9A670-A7FD-41DD-8643-2716549513EA}.ReleaseDLL|x86.Build.0 = Release|Win32
		{3B256D4D-9328-4D03-A909-9F6F15CCDB4A}.Debug|x64.ActiveCfg = Debug|x64
		{3B256D4D-9328-4D03-A909-9F6F15CCDB4A}.Debug|x64.Build.0 = Debug|x64
		{3B256D4D-9328-4D03-A909-9F6F15CCDB4A}.Debug|x86.ActiveCfg = Debug|Win32
		{3B256D4D-9328-4D03-A909-9F6F15CCDB4A}.Debug|x86.Build.0 = Debug|Win32
		{3B256D4D-9328-4D03-A909-9F6F15CCDB4A}.DebugDLL|x64.ActiveCfg = Debug|x64
		{3B256D4D-9328-4D03-A909-9F6F15CCDB4A}.DebugDLL|x64.Build.0 = Debug|x64
		{3B256D4D-9328-4D03-A909-9F6F15CCDB4A}.DebugDLL|x86.ActiveCfg = Debug|Win32
		{3B256D4D-9328-4D03-A909-9F6F15CCDB4A}.DebugDLL|x86.Build.0 = Debug|Win32
		{3B256D4D-9328-4D03-A909-9F6F15CCDB4A}.Release|x64.ActiveCfg = Release|x64
		{3B256D4D-9328-4D03-A909-9F6F15CCDB4A}.Release|x64.Build.0 = Release|x64
		{3B256D4D-9328-4D03-A909-9F6F15CCDB4A}.Release|x86.ActiveCfg = Release|Win32
		{3B256D4D-9328-4D03-A909-9F6F15CCDB4A}.Release|x86.Build.0 = Release|Win32
		{3B256D4D-9328-4D03-A909-9F6F15CCDB4A}.ReleaseDLL|x64.ActiveCfg = Release|x64
		{3B256D4D-9328-4D03-A909-9F6F15CCDB4A}.ReleaseDLL|x64.Build.0 = Release|x64
		{3B256D4D-9328-4D03-A909-9F6F15CCDB4A}.ReleaseDLL|x86.ActiveCfg = Release|Win32
		{3B256D4D-9328-4D03-A909-9F6F15CCDB4A}.ReleaseDLL|x86.Build.0 = Release|Win32
	EndGlobalSection
	GlobalSection(SolutionProperties) = preSolution
		HideSolutionNode = FALSE
	EndGlobalSection
EndGlobal
