<?xml version="1.0" encoding="utf-8"?>
<Project ToolsVersion="4.0" xmlns="http://schemas.microsoft.com/developer/msbuild/2003">
  <ItemGroup>
    <Filter Include="Source Files">
      <UniqueIdentifier>{71f1b80d-db3f-4606-b235-4ffe6150dabd}</UniqueIdentifier>
    </Filter>
    <Filter Include="Header Files">
      <UniqueIdentifier>{0086c179-aafa-437f-9b27-02514f00ba41}</UniqueIdentifier>
    </Filter>
  </ItemGroup>
  <ItemGroup>
    <ClInclude Include="..\..\Source\IlmImf\ImfArray.h" />
    <ClInclude Include="..\..\Source\IlmImf\ImfAttribute.h" />
    <ClInclude Include="..\..\Source\IlmImf\ImfAutoArray.h" />
    <ClInclude Include="..\..\Source\IlmImf\ImfBoxAttribute.h" />
    <ClInclude Include="..\..\Source\IlmImf\ImfChannelList.h" />
    <ClInclude Include="..\..\Source\IlmImf\ImfChannelListAttribute.h" />
    <ClInclude Include="..\..\Source\IlmImf\ImfChromaticities.h" />
    <ClInclude Include="..\..\Source\IlmImf\ImfChromaticitiesAttribute.h" />
    <ClInclude Include="..\..\Source\IlmImf\ImfCompression.h" />
    <ClInclude Include="..\..\Source\IlmImf\ImfCompressionAttribute.h" />
    <ClInclude Include="..\..\Source\IlmImf\ImfCompressor.h" />
    <ClInclude Include="..\..\Source\IlmImf\ImfConvert.h" />
    <ClInclude Include="..\..\Source\IlmImf\ImfCRgbaFile.h" />
    <ClInclude Include="..\..\Source\IlmImf\ImfDoubleAttribute.h" />
    <ClInclude Include="..\..\Source\IlmImf\ImfEnvmap.h" />
    <ClInclude Include="..\..\Source\IlmImf\ImfEnvmapAttribute.h" />
    <ClInclude Include="..\..\Source\IlmImf\ImfFloatAttribute.h" />
    <ClInclude Include="..\..\Source\IlmImf\ImfFrameBuffer.h" />
    <ClInclude Include="..\..\Source\IlmImf\ImfHeader.h" />
    <ClInclude Include="..\..\Source\IlmImf\ImfHuf.h" />
    <ClInclude Include="..\..\Source\IlmImf\ImfInputFile.h" />
    <ClInclude Include="..\..\Source\IlmImf\ImfInt64.h" />
    <ClInclude Include="..\..\Source\IlmImf\ImfIntAttribute.h" />
    <ClInclude Include="..\..\Source\IlmImf\ImfIO.h" />
    <ClInclude Include="..\..\Source\IlmImf\ImfKeyCode.h" />
    <ClInclude Include="..\..\Source\IlmImf\ImfKeyCodeAttribute.h" />
    <ClInclude Include="..\..\Source\IlmImf\ImfLineOrder.h" />
    <ClInclude Include="..\..\Source\IlmImf\ImfLineOrderAttribute.h" />
    <ClInclude Include="..\..\Source\IlmImf\ImfLut.h" />
    <ClInclude Include="..\..\Source\IlmImf\ImfMatrixAttribute.h" />
    <ClInclude Include="..\..\Source\IlmImf\ImfMisc.h" />
    <ClInclude Include="..\..\Source\IlmImf\ImfName.h" />
    <ClInclude Include="..\..\Source\IlmImf\ImfOpaqueAttribute.h" />
    <ClInclude Include="..\..\Source\IlmImf\ImfOutputFile.h" />
    <ClInclude Include="..\..\Source\IlmImf\ImfPixelType.h" />
    <ClInclude Include="..\..\Source\IlmImf\ImfPizCompressor.h" />
    <ClInclude Include="..\..\Source\IlmImf\ImfPreviewImage.h" />
    <ClInclude Include="..\..\Source\IlmImf\ImfPreviewImageAttribute.h" />
    <ClInclude Include="..\..\Source\IlmImf\ImfPxr24Compressor.h" />
    <ClInclude Include="..\..\Source\IlmImf\ImfRgba.h" />
    <ClInclude Include="..\..\Source\IlmImf\ImfRgbaFile.h" />
    <ClInclude Include="..\..\Source\IlmImf\ImfRgbaYca.h" />
    <ClInclude Include="..\..\Source\IlmImf\ImfRleCompressor.h" />
    <ClInclude Include="..\..\Source\IlmImf\ImfScanLineInputFile.h" />
    <ClInclude Include="..\..\Source\IlmImf\ImfStandardAttributes.h" />
    <ClInclude Include="..\..\Source\IlmImf\ImfStdIO.h" />
    <ClInclude Include="..\..\Source\IlmImf\ImfStringAttribute.h" />
    <ClInclude Include="..\..\Source\IlmImf\ImfTestFile.h" />
    <ClInclude Include="..\..\Source\IlmImf\ImfThreading.h" />
    <ClInclude Include="..\..\Source\IlmImf\ImfTileDescription.h" />
    <ClInclude Include="..\..\Source\IlmImf\ImfTileDescriptionAttribute.h" />
    <ClInclude Include="..\..\Source\IlmImf\ImfTiledInputFile.h" />
    <ClInclude Include="..\..\Source\IlmImf\ImfTiledMisc.h" />
    <ClInclude Include="..\..\Source\IlmImf\ImfTiledOutputFile.h" />
    <ClInclude Include="..\..\Source\IlmImf\ImfTiledRgbaFile.h" />
    <ClInclude Include="..\..\Source\IlmImf\ImfTileOffsets.h" />
    <ClInclude Include="..\..\Source\IlmImf\ImfTimeCode.h" />
    <ClInclude Include="..\..\Source\IlmImf\ImfTimeCodeAttribute.h" />
    <ClInclude Include="..\..\Source\IlmImf\ImfVecAttribute.h" />
    <ClInclude Include="..\..\Source\IlmImf\ImfVersion.h" />
    <ClInclude Include="..\..\Source\IlmImf\ImfWav.h" />
    <ClInclude Include="..\..\Source\IlmImf\ImfXdr.h" />
    <ClInclude Include="..\..\Source\IlmImf\ImfZipCompressor.h" />
  </ItemGroup>
  <ItemGroup>
    <ClCompile Include="..\..\Source\IlmImf\ImfAttribute.cpp" />
    <ClCompile Include="..\..\Source\IlmImf\ImfBoxAttribute.cpp" />
    <ClCompile Include="..\..\Source\IlmImf\ImfChannelList.cpp" />
    <ClCompile Include="..\..\Source\IlmImf\ImfChannelListAttribute.cpp" />
    <ClCompile Include="..\..\Source\IlmImf\ImfChromaticities.cpp" />
    <ClCompile Include="..\..\Source\IlmImf\ImfChromaticitiesAttribute.cpp" />
    <ClCompile Include="..\..\Source\IlmImf\ImfCompressionAttribute.cpp" />
    <ClCompile Include="..\..\Source\IlmImf\ImfCompressor.cpp" />
    <ClCompile Include="..\..\Source\IlmImf\ImfConvert.cpp" />
    <ClCompile Include="..\..\Source\IlmImf\ImfCRgbaFile.cpp" />
    <ClCompile Include="..\..\Source\IlmImf\ImfDoubleAttribute.cpp" />
    <ClCompile Include="..\..\Source\IlmImf\ImfEnvmap.cpp" />
    <ClCompile Include="..\..\Source\IlmImf\ImfEnvmapAttribute.cpp" />
    <ClCompile Include="..\..\Source\IlmImf\ImfFloatAttribute.cpp" />
    <ClCompile Include="..\..\Source\IlmImf\ImfFrameBuffer.cpp" />
    <ClCompile Include="..\..\Source\IlmImf\ImfHeader.cpp" />
    <ClCompile Include="..\..\Source\IlmImf\ImfHuf.cpp" />
    <ClCompile Include="..\..\Source\IlmImf\ImfInputFile.cpp" />
    <ClCompile Include="..\..\Source\IlmImf\ImfIntAttribute.cpp" />
    <ClCompile Include="..\..\Source\IlmImf\ImfIO.cpp" />
    <ClCompile Include="..\..\Source\IlmImf\ImfKeyCode.cpp" />
    <ClCompile Include="..\..\Source\IlmImf\ImfKeyCodeAttribute.cpp" />
    <ClCompile Include="..\..\Source\IlmImf\ImfLineOrderAttribute.cpp" />
    <ClCompile Include="..\..\Source\IlmImf\ImfLut.cpp" />
    <ClCompile Include="..\..\Source\IlmImf\ImfMatrixAttribute.cpp" />
    <ClCompile Include="..\..\Source\IlmImf\ImfMisc.cpp" />
    <ClCompile Include="..\..\Source\IlmImf\ImfOpaqueAttribute.cpp" />
    <ClCompile Include="..\..\Source\IlmImf\ImfOutputFile.cpp" />
    <ClCompile Include="..\..\Source\IlmImf\ImfPizCompressor.cpp" />
    <ClCompile Include="..\..\Source\IlmImf\ImfPreviewImage.cpp" />
    <ClCompile Include="..\..\Source\IlmImf\ImfPreviewImageAttribute.cpp" />
    <ClCompile Include="..\..\Source\IlmImf\ImfPxr24Compressor.cpp" />
    <ClCompile Include="..\..\Source\IlmImf\ImfRgbaFile.cpp" />
    <ClCompile Include="..\..\Source\IlmImf\ImfRgbaYca.cpp" />
    <ClCompile Include="..\..\Source\IlmImf\ImfRleCompressor.cpp" />
    <ClCompile Include="..\..\Source\IlmImf\ImfScanLineInputFile.cpp" />
    <ClCompile Include="..\..\Source\IlmImf\ImfStandardAttributes.cpp" />
    <ClCompile Include="..\..\Source\IlmImf\ImfStdIO.cpp" />
    <ClCompile Include="..\..\Source\IlmImf\ImfStringAttribute.cpp" />
    <ClCompile Include="..\..\Source\IlmImf\ImfTestFile.cpp" />
    <ClCompile Include="..\..\Source\IlmImf\ImfThreading.cpp" />
    <ClCompile Include="..\..\Source\IlmImf\ImfTileDescriptionAttribute.cpp" />
    <ClCompile Include="..\..\Source\IlmImf\ImfTiledInputFile.cpp" />
    <ClCompile Include="..\..\Source\IlmImf\ImfTiledMisc.cpp" />
    <ClCompile Include="..\..\Source\IlmImf\ImfTiledOutputFile.cpp" />
    <ClCompile Include="..\..\Source\IlmImf\ImfTiledRgbaFile.cpp" />
    <ClCompile Include="..\..\Source\IlmImf\ImfTileOffsets.cpp" />
    <ClCompile Include="..\..\Source\IlmImf\ImfTimeCode.cpp" />
    <ClCompile Include="..\..\Source\IlmImf\ImfTimeCodeAttribute.cpp" />
    <ClCompile Include="..\..\Source\IlmImf\ImfVecAttribute.cpp" />
    <ClCompile Include="..\..\Source\IlmImf\ImfVersion.cpp" />
    <ClCompile Include="..\..\Source\IlmImf\ImfWav.cpp" />
    <ClCompile Include="..\..\Source\IlmImf\ImfZipCompressor.cpp" />
  </ItemGroup>
</Project>