<?xml version="1.0" encoding="utf-8"?>
<Project ToolsVersion="4.0" xmlns="http://schemas.microsoft.com/developer/msbuild/2003">
  <ItemGroup>
    <Filter Include="Souce Files">
      <UniqueIdentifier>{055fe48f-2689-4c76-b05c-90a87aca910a}</UniqueIdentifier>
    </Filter>
    <Filter Include="Header Files">
      <UniqueIdentifier>{ad302338-a68f-4ccf-810b-ebb402f3cca7}</UniqueIdentifier>
    </Filter>
  </ItemGroup>
  <ItemGroup>
    <ClCompile Include="..\..\Source\IlmThread\IlmThreadMutexWin32.cpp">
      <Filter>Souce Files</Filter>
    </ClCompile>
    <ClCompile Include="..\..\Source\IlmThread\IlmThreadPool.cpp">
      <Filter>Souce Files</Filter>
    </ClCompile>
    <ClCompile Include="..\..\Source\IlmThread\IlmThreadSemaphoreWin32.cpp">
      <Filter>Souce Files</Filter>
    </ClCompile>
    <ClCompile Include="..\..\Source\IlmThread\IlmThreadWin32.cpp">
      <Filter>Souce Files</Filter>
    </ClCompile>
  </ItemGroup>
  <ItemGroup>
    <ClInclude Include="..\..\Source\IlmThread\IlmThread.h">
      <Filter>Header Files</Filter>
    </ClInclude>
    <ClInclude Include="..\..\Source\IlmThread\IlmThreadMutex.h">
      <Filter>Header Files</Filter>
    </ClInclude>
    <ClInclude Include="..\..\Source\IlmThread\IlmThreadPool.h">
      <Filter>Header Files</Filter>
    </ClInclude>
    <ClInclude Include="..\..\Source\IlmThread\IlmThreadSemaphore.h">
      <Filter>Header Files</Filter>
    </ClInclude>
  </ItemGroup>
</Project>