Microsoft Visual Studio Solution File, Format Version 12.00
# Visual Studio 14
VisualStudioVersion = 14.0.23107.0
MinimumVisualStudioVersion = 10.0.40219.1
Project("{2150E333-8FDC-42A3-9474-1A3956D46DE8}") = "Exe", "Exe", "{6D8A42FC-CD90-45E6-962F-1116150CC188}"
EndProject
Project("{2150E333-8FDC-42A3-9474-1A3956D46DE8}") = "Libs", "Libs", "{6279A81A-3EEB-410E-86B4-845585FE5239}"
EndProject
Project("{8BC9CEB8-8B4A-11D0-8D11-00A0C91BC942}") = "Half_eLut", "Half_eLut\Half_eLut.vcxproj", "{3A89452C-AA97-4970-912B-4B9463DBD11F}"
EndProject
Project("{8BC9CEB8-8B4A-11D0-8D11-00A0C91BC942}") = "Half_toFloat", "Half_toFloat\Half_toFloat.vcxproj", "{1C05B8BF-D95E-4D73-AEDD-C01CC344AE06}"
EndProject
Project("{8BC9CEB8-8B4A-11D0-8D11-00A0C91BC942}") = "Half", "Half\Half.vcxproj", "{E3C9A670-A7FD-41DD-8643-2716549513EA}"
EndProject
Project("{8BC9CEB8-8B4A-11D0-8D11-00A0C91BC942}") = "Iex", "Iex\Iex.vcxproj", "{3B256D4D-9328-4D03-A909-9F6F15CCDB4A}"
EndProject
Project("{8BC9CEB8-8B4A-11D0-8D11-00A0C91BC942}") = "IlmImf", "IlmImf\IlmImf.vcxproj", "{F8C74CAD-1A3E-436D-ACD4-ABAA8EE1B649}"
EndProject
Project("{8BC9CEB8-8B4A-11D0-8D11-00A0C91BC942}") = "IlmThread", "IlmThread\IlmThread.vcxproj", "{4AAAC6C2-EECF-43A1-AA21-20AA5255BEE0}"
EndProject
Project("{8BC9CEB8-8B4A-11D0-8D11-00A0C91BC942}") = "Imath", "Imath\Imath.vcxproj", "{C0E0163E-0F3F-45A4-B04B-190F152D1E86}"
EndProject
Global
	GlobalSection(SolutionConfigurationPlatforms) = preSolution
		Debug_MD_DLL|x64 = Debug_MD_DLL|x64
		Debug_MD_DLL|x86 = Debug_MD_DLL|x86
		Debug_MD|x64 = Debug_MD|x64
		Debug_MD|x86 = Debug_MD|x86
		Debug|x64 = Debug|x64
		Debug|x86 = Debug|x86
		DebugDLL|x64 = DebugDLL|x64
		DebugDLL|x86 = DebugDLL|x86
		Release_MD_DLL|x64 = Release_MD_DLL|x64
		Release_MD_DLL|x86 = Release_MD_DLL|x86
		Release_MD|x64 = Release_MD|x64
		Release_MD|x86 = Release_MD|x86
		Release|x64 = Release|x64
		Release|x86 = Release|x86
		ReleaseDLL|x64 = ReleaseDLL|x64
		ReleaseDLL|x86 = ReleaseDLL|x86
	EndGlobalSection
	GlobalSection(ProjectConfigurationPlatforms) = postSolution
		{3A89452C-AA97-4970-912B-4B9463DBD11F}.Debug_MD_DLL|x64.ActiveCfg = Debug_MD_DLL|x64
		{3A89452C-AA97-4970-912B-4B9463DBD11F}.Debug_MD_DLL|x64.Build.0 = Debug_MD_DLL|x64
		{3A89452C-AA97-4970-912B-4B9463DBD11F}.Debug_MD_DLL|x86.ActiveCfg = Debug_MD|Win32
		{3A89452C-AA97-4970-912B-4B9463DBD11F}.Debug_MD_DLL|x86.Build.0 = Debug_MD|Win32
		{3A89452C-AA97-4970-912B-4B9463DBD11F}.Debug_MD|x64.ActiveCfg = Debug_MD|x64
		{3A89452C-AA97-4970-912B-4B9463DBD11F}.Debug_MD|x64.Build.0 = Debug_MD|x64
		{3A89452C-AA97-4970-912B-4B9463DBD11F}.Debug_MD|x86.ActiveCfg = Debug_MD|Win32
		{3A89452C-AA97-4970-912B-4B9463DBD11F}.Debug_MD|x86.Build.0 = Debug_MD|Win32
		{3A89452C-AA97-4970-912B-4B9463DBD11F}.Debug|x64.ActiveCfg = Debug|x64
		{3A89452C-AA97-4970-912B-4B9463DBD11F}.Debug|x64.Build.0 = Debug|x64
		{3A89452C-AA97-4970-912B-4B9463DBD11F}.Debug|x86.ActiveCfg = Debug|Win32
		{3A89452C-AA97-4970-912B-4B9463DBD11F}.Debug|x86.Build.0 = Debug|Win32
		{3A89452C-AA97-4970-912B-4B9463DBD11F}.DebugDLL|x64.ActiveCfg = Debug|x64
		{3A89452C-AA97-4970-912B-4B9463DBD11F}.DebugDLL|x64.Build.0 = Debug|x64
		{3A89452C-AA97-4970-912B-4B9463DBD11F}.DebugDLL|x86.ActiveCfg = Debug|Win32
		{3A89452C-AA97-4970-912B-4B9463DBD11F}.DebugDLL|x86.Build.0 = Debug|Win32
		{3A89452C-AA97-4970-912B-4B9463DBD11F}.Release_MD_DLL|x64.ActiveCfg = Release_MD_DLL|x64
		{3A89452C-AA97-4970-912B-4B9463DBD11F}.Release_MD_DLL|x64.Build.0 = Release_MD_DLL|x64
		{3A89452C-AA97-4970-912B-4B9463DBD11F}.Release_MD_DLL|x86.ActiveCfg = Release_MD|Win32
		{3A89452C-AA97-4970-912B-4B9463DBD11F}.Release_MD_DLL|x86.Build.0 = Release_MD|Win32
		{3A89452C-AA97-4970-912B-4B9463DBD11F}.Release_MD|x64.ActiveCfg = Release_MD|x64
		{3A89452C-AA97-4970-912B-4B9463DBD11F}.Release_MD|x64.Build.0 = Release_MD|x64
		{3A89452C-AA97-4970-912B-4B9463DBD11F}.Release_MD|x86.ActiveCfg = Release_MD|Win32
		{3A89452C-AA97-4970-912B-4B9463DBD11F}.Release_MD|x86.Build.0 = Release_MD|Win32
		{3A89452C-AA97-4970-912B-4B9463DBD11F}.Release|x64.ActiveCfg = Release|x64
		{3A89452C-AA97-4970-912B-4B9463DBD11F}.Release|x64.Build.0 = Release|x64
		{3A89452C-AA97-4970-912B-4B9463DBD11F}.Release|x86.ActiveCfg = Release|Win32
		{3A89452C-AA97-4970-912B-4B9463DBD11F}.Release|x86.Build.0 = Release|Win32
		{3A89452C-AA97-4970-912B-4B9463DBD11F}.ReleaseDLL|x64.ActiveCfg = Release|x64
		{3A89452C-AA97-4970-912B-4B9463DBD11F}.ReleaseDLL|x64.Build.0 = Release|x64
		{3A89452C-AA97-4970-912B-4B9463DBD11F}.ReleaseDLL|x86.ActiveCfg = Release|Win32
		{3A89452C-AA97-4970-912B-4B9463DBD11F}.ReleaseDLL|x86.Build.0 = Release|Win32
		{1C05B8BF-D95E-4D73-AEDD-C01CC344AE06}.Debug_MD_DLL|x64.ActiveCfg = Debug_MD_DLL|x64
		{1C05B8BF-D95E-4D73-AEDD-C01CC344AE06}.Debug_MD_DLL|x64.Build.0 = Debug_MD_DLL|x64
		{1C05B8BF-D95E-4D73-AEDD-C01CC344AE06}.Debug_MD_DLL|x86.ActiveCfg = Debug_MD|Win32
		{1C05B8BF-D95E-4D73-AEDD-C01CC344AE06}.Debug_MD_DLL|x86.Build.0 = Debug_MD|Win32
		{1C05B8BF-D95E-4D73-AEDD-C01CC344AE06}.Debug_MD|x64.ActiveCfg = Debug_MD|x64
		{1C05B8BF-D95E-4D73-AEDD-C01CC344AE06}.Debug_MD|x64.Build.0 = Debug_MD|x64
		{1C05B8BF-D95E-4D73-AEDD-C01CC344AE06}.Debug_MD|x86.ActiveCfg = Debug_MD|Win32
		{1C05B8BF-D95E-4D73-AEDD-C01CC344AE06}.Debug_MD|x86.Build.0 = Debug_MD|Win32
		{1C05B8BF-D95E-4D73-AEDD-C01CC344AE06}.Debug|x64.ActiveCfg = Debug|x64
		{1C05B8BF-D95E-4D73-AEDD-C01CC344AE06}.Debug|x64.Build.0 = Debug|x64
		{1C05B8BF-D95E-4D73-AEDD-C01CC344AE06}.Debug|x86.ActiveCfg = Debug|Win32
		{1C05B8BF-D95E-4D73-AEDD-C01CC344AE06}.Debug|x86.Build.0 = Debug|Win32
		{1C05B8BF-D95E-4D73-AEDD-C01CC344AE06}.DebugDLL|x64.ActiveCfg = Debug|x64
		{1C05B8BF-D95E-4D73-AEDD-C01CC344AE06}.DebugDLL|x64.Build.0 = Debug|x64
		{1C05B8BF-D95E-4D73-AEDD-C01CC344AE06}.DebugDLL|x86.ActiveCfg = Debug|Win32
		{1C05B8BF-D95E-4D73-AEDD-C01CC344AE06}.DebugDLL|x86.Build.0 = Debug|Win32
		{1C05B8BF-D95E-4D73-AEDD-C01CC344AE06}.Release_MD_DLL|x64.ActiveCfg = Release_MD_DLL|x64
		{1C05B8BF-D95E-4D73-AEDD-C01CC344AE06}.Release_MD_DLL|x64.Build.0 = Release_MD_DLL|x64
		{1C05B8BF-D95E-4D73-AEDD-C01CC344AE06}.Release_MD_DLL|x86.ActiveCfg = Release_MD|Win32
		{1C05B8BF-D95E-4D73-AEDD-C01CC344AE06}.Release_MD_DLL|x86.Build.0 = Release_MD|Win32
		{1C05B8BF-D95E-4D73-AEDD-C01CC344AE06}.Release_MD|x64.ActiveCfg = Release_MD|x64
		{1C05B8BF-D95E-4D73-AEDD-C01CC344AE06}.Release_MD|x64.Build.0 = Release_MD|x64
		{1C05B8BF-D95E-4D73-AEDD-C01CC344AE06}.Release_MD|x86.ActiveCfg = Release_MD|Win32
		{1C05B8BF-D95E-4D73-AEDD-C01CC344AE06}.Release_MD|x86.Build.0 = Release_MD|Win32
		{1C05B8BF-D95E-4D73-AEDD-C01CC344AE06}.Release|x64.ActiveCfg = Release|x64
		{1C05B8BF-D95E-4D73-AEDD-C01CC344AE06}.Release|x64.Build.0 = Release|x64
		{1C05B8BF-D95E-4D73-AEDD-C01CC344AE06}.Release|x86.ActiveCfg = Release|Win32
		{1C05B8BF-D95E-4D73-AEDD-C01CC344AE06}.Release|x86.Build.0 = Release|Win32
		{1C05B8BF-D95E-4D73-AEDD-C01CC344AE06}.ReleaseDLL|x64.ActiveCfg = Release|x64
		{1C05B8BF-D95E-4D73-AEDD-C01CC344AE06}.ReleaseDLL|x64.Build.0 = Release|x64
		{1C05B8BF-D95E-4D73-AEDD-C01CC344AE06}.ReleaseDLL|x86.ActiveCfg = Release|Win32
		{1C05B8BF-D95E-4D73-AEDD-C01CC344AE06}.ReleaseDLL|x86.Build.0 = Release|Win32
		{E3C9A670-A7FD-41DD-8643-2716549513EA}.Debug_MD_DLL|x64.ActiveCfg = Debug_MD_DLL|x64
		{E3C9A670-A7FD-41DD-8643-2716549513EA}.Debug_MD_DLL|x64.Build.0 = Debug_MD_DLL|x64
		{E3C9A670-A7FD-41DD-8643-2716549513EA}.Debug_MD_DLL|x86.ActiveCfg = Debug_MD_DLL|Win32
		{E3C9A670-A7FD-41DD-8643-2716549513EA}.Debug_MD_DLL|x86.Build.0 = Debug_MD_DLL|Win32
		{E3C9A670-A7FD-41DD-8643-2716549513EA}.Debug_MD|x64.ActiveCfg = Debug_MD|x64
		{E3C9A670-A7FD-41DD-8643-2716549513EA}.Debug_MD|x64.Build.0 = Debug_MD|x64
		{E3C9A670-A7FD-41DD-8643-2716549513EA}.Debug_MD|x86.ActiveCfg = Debug_MD|Win32
		{E3C9A670-A7FD-41DD-8643-2716549513EA}.Debug_MD|x86.Build.0 = Debug_MD|Win32
		{E3C9A670-A7FD-41DD-8643-2716549513EA}.Debug|x64.ActiveCfg = Debug|x64
		{E3C9A670-A7FD-41DD-8643-2716549513EA}.Debug|x64.Build.0 = Debug|x64
		{E3C9A670-A7FD-41DD-8643-2716549513EA}.Debug|x86.ActiveCfg = Debug|Win32
		{E3C9A670-A7FD-41DD-8643-2716549513EA}.Debug|x86.Build.0 = Debug|Win32
		{E3C9A670-A7FD-41DD-8643-2716549513EA}.DebugDLL|x64.ActiveCfg = DebugDLL|x64
		{E3C9A670-A7FD-41DD-8643-2716549513EA}.DebugDLL|x64.Build.0 = DebugDLL|x64
		{E3C9A670-A7FD-41DD-8643-2716549513EA}.DebugDLL|x86.ActiveCfg = DebugDLL|Win32
		{E3C9A670-A7FD-41DD-8643-2716549513EA}.DebugDLL|x86.Build.0 = DebugDLL|Win32
		{E3C9A670-A7FD-41DD-8643-2716549513EA}.Release_MD_DLL|x64.ActiveCfg = Release_MD_DLL|x64
		{E3C9A670-A7FD-41DD-8643-2716549513EA}.Release_MD_DLL|x64.Build.0 = Release_MD_DLL|x64
		{E3C9A670-A7FD-41DD-8643-2716549513EA}.Release_MD_DLL|x86.ActiveCfg = Release_MD_DLL|Win32
		{E3C9A670-A7FD-41DD-8643-2716549513EA}.Release_MD_DLL|x86.Build.0 = Release_MD_DLL|Win32
		{E3C9A670-A7FD-41DD-8643-2716549513EA}.Release_MD|x64.ActiveCfg = Release_MD|x64
		{E3C9A670-A7FD-41DD-8643-2716549513EA}.Release_MD|x64.Build.0 = Release_MD|x64
		{E3C9A670-A7FD-41DD-8643-2716549513EA}.Release_MD|x86.ActiveCfg = Release_MD|Win32
		{E3C9A670-A7FD-41DD-8643-2716549513EA}.Release_MD|x86.Build.0 = Release_MD|Win32
		{E3C9A670-A7FD-41DD-8643-2716549513EA}.Release|x64.ActiveCfg = Release|x64
		{E3C9A670-A7FD-41DD-8643-2716549513EA}.Release|x64.Build.0 = Release|x64
		{E3C9A670-A7FD-41DD-8643-2716549513EA}.Release|x86.ActiveCfg = Release|Win32
		{E3C9A670-A7FD-41DD-8643-2716549513EA}.Release|x86.Build.0 = Release|Win32
		{E3C9A670-A7FD-41DD-8643-2716549513EA}.ReleaseDLL|x64.ActiveCfg = ReleaseDLL|x64
		{E3C9A670-A7FD-41DD-8643-2716549513EA}.ReleaseDLL|x64.Build.0 = ReleaseDLL|x64
		{E3C9A670-A7FD-41DD-8643-2716549513EA}.ReleaseDLL|x86.ActiveCfg = ReleaseDLL|Win32
		{E3C9A670-A7FD-41DD-8643-2716549513EA}.ReleaseDLL|x86.Build.0 = ReleaseDLL|Win32
		{3B256D4D-9328-4D03-A909-9F6F15CCDB4A}.Debug_MD_DLL|x64.ActiveCfg = Debug_MD_DLL|x64
		{3B256D4D-9328-4D03-A909-9F6F15CCDB4A}.Debug_MD_DLL|x64.Build.0 = Debug_MD_DLL|x64
		{3B256D4D-9328-4D03-A909-9F6F15CCDB4A}.Debug_MD_DLL|x86.ActiveCfg = Debug_MD|Win32
		{3B256D4D-9328-4D03-A909-9F6F15CCDB4A}.Debug_MD_DLL|x86.Build.0 = Debug_MD|Win32
		{3B256D4D-9328-4D03-A909-9F6F15CCDB4A}.Debug_MD|x64.ActiveCfg = Debug_MD|x64
		{3B256D4D-9328-4D03-A909-9F6F15CCDB4A}.Debug_MD|x64.Build.0 = Debug_MD|x64
		{3B256D4D-9328-4D03-A909-9F6F15CCDB4A}.Debug_MD|x86.ActiveCfg = Debug_MD|Win32
		{3B256D4D-9328-4D03-A909-9F6F15CCDB4A}.Debug_MD|x86.Build.0 = Debug_MD|Win32
		{3B256D4D-9328-4D03-A909-9F6F15CCDB4A}.Debug|x64.ActiveCfg = Debug|x64
		{3B256D4D-9328-4D03-A909-9F6F15CCDB4A}.Debug|x64.Build.0 = Debug|x64
		{3B256D4D-9328-4D03-A909-9F6F15CCDB4A}.Debug|x86.ActiveCfg = Debug|Win32
		{3B256D4D-9328-4D03-A909-9F6F15CCDB4A}.Debug|x86.Build.0 = Debug|Win32
		{3B256D4D-9328-4D03-A909-9F6F15CCDB4A}.DebugDLL|x64.ActiveCfg = Debug|x64
		{3B256D4D-9328-4D03-A909-9F6F15CCDB4A}.DebugDLL|x64.Build.0 = Debug|x64
		{3B256D4D-9328-4D03-A909-9F6F15CCDB4A}.DebugDLL|x86.ActiveCfg = Debug|Win32
		{3B256D4D-9328-4D03-A909-9F6F15CCDB4A}.DebugDLL|x86.Build.0 = Debug|Win32
		{3B256D4D-9328-4D03-A909-9F6F15CCDB4A}.Release_MD_DLL|x64.ActiveCfg = Release_MD_DLL|x64
		{3B256D4D-9328-4D03-A909-9F6F15CCDB4A}.Release_MD_DLL|x64.Build.0 = Release_MD_DLL|x64
		{3B256D4D-9328-4D03-A909-9F6F15CCDB4A}.Release_MD_DLL|x86.ActiveCfg = Release_MD|Win32
		{3B256D4D-9328-4D03-A909-9F6F15CCDB4A}.Release_MD_DLL|x86.Build.0 = Release_MD|Win32
		{3B256D4D-9328-4D03-A909-9F6F15CCDB4A}.Release_MD|x64.ActiveCfg = Release_MD|x64
		{3B256D4D-9328-4D03-A909-9F6F15CCDB4A}.Release_MD|x64.Build.0 = Release_MD|x64
		{3B256D4D-9328-4D03-A909-9F6F15CCDB4A}.Release_MD|x86.ActiveCfg = Release_MD|Win32
		{3B256D4D-9328-4D03-A909-9F6F15CCDB4A}.Release_MD|x86.Build.0 = Release_MD|Win32
		{3B256D4D-9328-4D03-A909-9F6F15CCDB4A}.Release|x64.ActiveCfg = Release|x64
		{3B256D4D-9328-4D03-A909-9F6F15CCDB4A}.Release|x64.Build.0 = Release|x64
		{3B256D4D-9328-4D03-A909-9F6F15CCDB4A}.Release|x86.ActiveCfg = Release|Win32
		{3B256D4D-9328-4D03-A909-9F6F15CCDB4A}.Release|x86.Build.0 = Release|Win32
		{3B256D4D-9328-4D03-A909-9F6F15CCDB4A}.ReleaseDLL|x64.ActiveCfg = Release|x64
		{3B256D4D-9328-4D03-A909-9F6F15CCDB4A}.ReleaseDLL|x64.Build.0 = Release|x64
		{3B256D4D-9328-4D03-A909-9F6F15CCDB4A}.ReleaseDLL|x86.ActiveCfg = Release|Win32
		{3B256D4D-9328-4D03-A909-9F6F15CCDB4A}.ReleaseDLL|x86.Build.0 = Release|Win32
		{F8C74CAD-1A3E-436D-ACD4-ABAA8EE1B649}.Debug_MD_DLL|x64.ActiveCfg = Debug_MD_DLL|x64
		{F8C74CAD-1A3E-436D-ACD4-ABAA8EE1B649}.Debug_MD_DLL|x64.Build.0 = Debug_MD_DLL|x64
		{F8C74CAD-1A3E-436D-ACD4-ABAA8EE1B649}.Debug_MD_DLL|x86.ActiveCfg = Debug_MD_DLL|Win32
		{F8C74CAD-1A3E-436D-ACD4-ABAA8EE1B649}.Debug_MD_DLL|x86.Build.0 = Debug_MD_DLL|Win32
		{F8C74CAD-1A3E-436D-ACD4-ABAA8EE1B649}.Debug_MD|x64.ActiveCfg = Debug_MD|x64
		{F8C74CAD-1A3E-436D-ACD4-ABAA8EE1B649}.Debug_MD|x64.Build.0 = Debug_MD|x64
		{F8C74CAD-1A3E-436D-ACD4-ABAA8EE1B649}.Debug_MD|x86.ActiveCfg = Debug_MD|Win32
		{F8C74CAD-1A3E-436D-ACD4-ABAA8EE1B649}.Debug_MD|x86.Build.0 = Debug_MD|Win32
		{F8C74CAD-1A3E-436D-ACD4-ABAA8EE1B649}.Debug|x64.ActiveCfg = Debug|x64
		{F8C74CAD-1A3E-436D-ACD4-ABAA8EE1B649}.Debug|x64.Build.0 = Debug|x64
		{F8C74CAD-1A3E-436D-ACD4-ABAA8EE1B649}.Debug|x86.ActiveCfg = Debug|Win32
		{F8C74CAD-1A3E-436D-ACD4-ABAA8EE1B649}.Debug|x86.Build.0 = Debug|Win32
		{F8C74CAD-1A3E-436D-ACD4-ABAA8EE1B649}.DebugDLL|x64.ActiveCfg = DebugDLL|x64
		{F8C74CAD-1A3E-436D-ACD4-ABAA8EE1B649}.DebugDLL|x64.Build.0 = DebugDLL|x64
		{F8C74CAD-1A3E-436D-ACD4-ABAA8EE1B649}.DebugDLL|x86.ActiveCfg = DebugDLL|Win32
		{F8C74CAD-1A3E-436D-ACD4-ABAA8EE1B649}.DebugDLL|x86.Build.0 = DebugDLL|Win32
		{F8C74CAD-1A3E-436D-ACD4-ABAA8EE1B649}.Release_MD_DLL|x64.ActiveCfg = Release_MD_DLL|x64
		{F8C74CAD-1A3E-436D-ACD4-ABAA8EE1B649}.Release_MD_DLL|x64.Build.0 = Release_MD_DLL|x64
		{F8C74CAD-1A3E-436D-ACD4-ABAA8EE1B649}.Release_MD_DLL|x86.ActiveCfg = Release_MD_DLL|Win32
		{F8C74CAD-1A3E-436D-ACD4-ABAA8EE1B649}.Release_MD_DLL|x86.Build.0 = Release_MD_DLL|Win32
		{F8C74CAD-1A3E-436D-ACD4-ABAA8EE1B649}.Release_MD|x64.ActiveCfg = Release_MD|x64
		{F8C74CAD-1A3E-436D-ACD4-ABAA8EE1B649}.Release_MD|x64.Build.0 = Release_MD|x64
		{F8C74CAD-1A3E-436D-ACD4-ABAA8EE1B649}.Release_MD|x86.ActiveCfg = Release_MD|Win32
		{F8C74CAD-1A3E-436D-ACD4-ABAA8EE1B649}.Release_MD|x86.Build.0 = Release_MD|Win32
		{F8C74CAD-1A3E-436D-ACD4-ABAA8EE1B649}.Release|x64.ActiveCfg = Release|x64
		{F8C74CAD-1A3E-436D-ACD4-ABAA8EE1B649}.Release|x64.Build.0 = Release|x64
		{F8C74CAD-1A3E-436D-ACD4-ABAA8EE1B649}.Release|x86.ActiveCfg = Release|Win32
		{F8C74CAD-1A3E-436D-ACD4-ABAA8EE1B649}.Release|x86.Build.0 = Release|Win32
		{F8C74CAD-1A3E-436D-ACD4-ABAA8EE1B649}.ReleaseDLL|x64.ActiveCfg = ReleaseDLL|x64
		{F8C74CAD-1A3E-436D-ACD4-ABAA8EE1B649}.ReleaseDLL|x64.Build.0 = ReleaseDLL|x64
		{F8C74CAD-1A3E-436D-ACD4-ABAA8EE1B649}.ReleaseDLL|x86.ActiveCfg = ReleaseDLL|Win32
		{F8C74CAD-1A3E-436D-ACD4-ABAA8EE1B649}.ReleaseDLL|x86.Build.0 = ReleaseDLL|Win32
		{4AAAC6C2-EECF-43A1-AA21-20AA5255BEE0}.Debug_MD_DLL|x64.ActiveCfg = Debug_MD_DLL|x64
		{4AAAC6C2-EECF-43A1-AA21-20AA5255BEE0}.Debug_MD_DLL|x64.Build.0 = Debug_MD_DLL|x64
		{4AAAC6C2-EECF-43A1-AA21-20AA5255BEE0}.Debug_MD_DLL|x86.ActiveCfg = Debug_MD|Win32
		{4AAAC6C2-EECF-43A1-AA21-20AA5255BEE0}.Debug_MD_DLL|x86.Build.0 = Debug_MD|Win32
		{4AAAC6C2-EECF-43A1-AA21-20AA5255BEE0}.Debug_MD|x64.ActiveCfg = Debug_MD|x64
		{4AAAC6C2-EECF-43A1-AA21-20AA5255BEE0}.Debug_MD|x64.Build.0 = Debug_MD|x64
		{4AAAC6C2-EECF-43A1-AA21-20AA5255BEE0}.Debug_MD|x86.ActiveCfg = Debug_MD|Win32
		{4AAAC6C2-EECF-43A1-AA21-20AA5255BEE0}.Debug_MD|x86.Build.0 = Debug_MD|Win32
		{4AAAC6C2-EECF-43A1-AA21-20AA5255BEE0}.Debug|x64.ActiveCfg = Debug|x64
		{4AAAC6C2-EECF-43A1-AA21-20AA5255BEE0}.Debug|x64.Build.0 = Debug|x64
		{4AAAC6C2-EECF-43A1-AA21-20AA5255BEE0}.Debug|x86.ActiveCfg = Debug|Win32
		{4AAAC6C2-EECF-43A1-AA21-20AA5255BEE0}.Debug|x86.Build.0 = Debug|Win32
		{4AAAC6C2-EECF-43A1-AA21-20AA5255BEE0}.DebugDLL|x64.ActiveCfg = Debug|x64
		{4AAAC6C2-EECF-43A1-AA21-20AA5255BEE0}.DebugDLL|x64.Build.0 = Debug|x64
		{4AAAC6C2-EECF-43A1-AA21-20AA5255BEE0}.DebugDLL|x86.ActiveCfg = Debug|Win32
		{4AAAC6C2-EECF-43A1-AA21-20AA5255BEE0}.DebugDLL|x86.Build.0 = Debug|Win32
		{4AAAC6C2-EECF-43A1-AA21-20AA5255BEE0}.Release_MD_DLL|x64.ActiveCfg = Release_MD_DLL|x64
		{4AAAC6C2-EECF-43A1-AA21-20AA5255BEE0}.Release_MD_DLL|x64.Build.0 = Release_MD_DLL|x64
		{4AAAC6C2-EECF-43A1-AA21-20AA5255BEE0}.Release_MD_DLL|x86.ActiveCfg = Release_MD|Win32
		{4AAAC6C2-EECF-43A1-AA21-20AA5255BEE0}.Release_MD_DLL|x86.Build.0 = Release_MD|Win32
		{4AAAC6C2-EECF-43A1-AA21-20AA5255BEE0}.Release_MD|x64.ActiveCfg = Release_MD|x64
		{4AAAC6C2-EECF-43A1-AA21-20AA5255BEE0}.Release_MD|x64.Build.0 = Release_MD|x64
		{4AAAC6C2-EECF-43A1-AA21-20AA5255BEE0}.Release_MD|x86.ActiveCfg = Release_MD|Win32
		{4AAAC6C2-EECF-43A1-AA21-20AA5255BEE0}.Release_MD|x86.Build.0 = Release_MD|Win32
		{4AAAC6C2-EECF-43A1-AA21-20AA5255BEE0}.Release|x64.ActiveCfg = Release|x64
		{4AAAC6C2-EECF-43A1-AA21-20AA5255BEE0}.Release|x64.Build.0 = Release|x64
		{4AAAC6C2-EECF-43A1-AA21-20AA5255BEE0}.Release|x86.ActiveCfg = Release|Win32
		{4AAAC6C2-EECF-43A1-AA21-20AA5255BEE0}.Release|x86.Build.0 = Release|Win32
		{4AAAC6C2-EECF-43A1-AA21-20AA5255BEE0}.ReleaseDLL|x64.ActiveCfg = Release|x64
		{4AAAC6C2-EECF-43A1-AA21-20AA5255BEE0}.ReleaseDLL|x64.Build.0 = Release|x64
		{4AAAC6C2-EECF-43A1-AA21-20AA5255BEE0}.ReleaseDLL|x86.ActiveCfg = Release|Win32
		{4AAAC6C2-EECF-43A1-AA21-20AA5255BEE0}.ReleaseDLL|x86.Build.0 = Release|Win32
		{C0E0163E-0F3F-45A4-B04B-190F152D1E86}.Debug_MD_DLL|x64.ActiveCfg = Debug_MD_DLL|x64
		{C0E0163E-0F3F-45A4-B04B-190F152D1E86}.Debug_MD_DLL|x64.Build.0 = Debug_MD_DLL|x64
		{C0E0163E-0F3F-45A4-B04B-190F152D1E86}.Debug_MD_DLL|x86.ActiveCfg = Debug_MD_DLL|Win32
		{C0E0163E-0F3F-45A4-B04B-190F152D1E86}.Debug_MD_DLL|x86.Build.0 = Debug_MD_DLL|Win32
		{C0E0163E-0F3F-45A4-B04B-190F152D1E86}.Debug_MD|x64.ActiveCfg = Debug_MD|x64
		{C0E0163E-0F3F-45A4-B04B-190F152D1E86}.Debug_MD|x64.Build.0 = Debug_MD|x64
		{C0E0163E-0F3F-45A4-B04B-190F152D1E86}.Debug_MD|x86.ActiveCfg = Debug_MD|Win32
		{C0E0163E-0F3F-45A4-B04B-190F152D1E86}.Debug_MD|x86.Build.0 = Debug_MD|Win32
		{C0E0163E-0F3F-45A4-B04B-190F152D1E86}.Debug|x64.ActiveCfg = Debug|x64
		{C0E0163E-0F3F-45A4-B04B-190F152D1E86}.Debug|x64.Build.0 = Debug|x64
		{C0E0163E-0F3F-45A4-B04B-190F152D1E86}.Debug|x86.ActiveCfg = Debug|Win32
		{C0E0163E-0F3F-45A4-B04B-190F152D1E86}.Debug|x86.Build.0 = Debug|Win32
		{C0E0163E-0F3F-45A4-B04B-190F152D1E86}.DebugDLL|x64.ActiveCfg = DebugDLL|x64
		{C0E0163E-0F3F-45A4-B04B-190F152D1E86}.DebugDLL|x64.Build.0 = DebugDLL|x64
		{C0E0163E-0F3F-45A4-B04B-190F152D1E86}.DebugDLL|x86.ActiveCfg = DebugDLL|Win32
		{C0E0163E-0F3F-45A4-B04B-190F152D1E86}.DebugDLL|x86.Build.0 = DebugDLL|Win32
		{C0E0163E-0F3F-45A4-B04B-190F152D1E86}.Release_MD_DLL|x64.ActiveCfg = Release_MD_DLL|x64
		{C0E0163E-0F3F-45A4-B04B-190F152D1E86}.Release_MD_DLL|x64.Build.0 = Release_MD_DLL|x64
		{C0E0163E-0F3F-45A4-B04B-190F152D1E86}.Release_MD_DLL|x86.ActiveCfg = Release_MD_DLL|Win32
		{C0E0163E-0F3F-45A4-B04B-190F152D1E86}.Release_MD_DLL|x86.Build.0 = Release_MD_DLL|Win32
		{C0E0163E-0F3F-45A4-B04B-190F152D1E86}.Release_MD|x64.ActiveCfg = Release_MD|x64
		{C0E0163E-0F3F-45A4-B04B-190F152D1E86}.Release_MD|x64.Build.0 = Release_MD|x64
		{C0E0163E-0F3F-45A4-B04B-190F152D1E86}.Release_MD|x86.ActiveCfg = Release_MD|Win32
		{C0E0163E-0F3F-45A4-B04B-190F152D1E86}.Release_MD|x86.Build.0 = Release_MD|Win32
		{C0E0163E-0F3F-45A4-B04B-190F152D1E86}.Release|x64.ActiveCfg = Release|x64
		{C0E0163E-0F3F-45A4-B04B-190F152D1E86}.Release|x64.Build.0 = Release|x64
		{C0E0163E-0F3F-45A4-B04B-190F152D1E86}.Release|x86.ActiveCfg = Release|Win32
		{C0E0163E-0F3F-45A4-B04B-190F152D1E86}.Release|x86.Build.0 = Release|Win32
		{C0E0163E-0F3F-45A4-B04B-190F152D1E86}.ReleaseDLL|x64.ActiveCfg = ReleaseDLL|x64
		{C0E0163E-0F3F-45A4-B04B-190F152D1E86}.ReleaseDLL|x64.Build.0 = ReleaseDLL|x64
		{C0E0163E-0F3F-45A4-B04B-190F152D1E86}.ReleaseDLL|x86.ActiveCfg = ReleaseDLL|Win32
		{C0E0163E-0F3F-45A4-B04B-190F152D1E86}.ReleaseDLL|x86.Build.0 = ReleaseDLL|Win32
	EndGlobalSection
	GlobalSection(SolutionProperties) = preSolution
		HideSolutionNode = FALSE
	EndGlobalSection
	GlobalSection(NestedProjects) = preSolution
		{3A89452C-AA97-4970-912B-4B9463DBD11F} = {6D8A42FC-CD90-45E6-962F-1116150CC188}
		{1C05B8BF-D95E-4D73-AEDD-C01CC344AE06} = {6D8A42FC-CD90-45E6-962F-1116150CC188}
		{E3C9A670-A7FD-41DD-8643-2716549513EA} = {6279A81A-3EEB-410E-86B4-845585FE5239}
		{3B256D4D-9328-4D03-A909-9F6F15CCDB4A} = {6279A81A-3EEB-410E-86B4-845585FE5239}
		{F8C74CAD-1A3E-436D-ACD4-ABAA8EE1B649} = {6279A81A-3EEB-410E-86B4-845585FE5239}
		{4AAAC6C2-EECF-43A1-AA21-20AA5255BEE0} = {6279A81A-3EEB-410E-86B4-845585FE5239}
		{C0E0163E-0F3F-45A4-B04B-190F152D1E86} = {6279A81A-3EEB-410E-86B4-845585FE5239}
	EndGlobalSection
EndGlobal
